
Microsoft Visual Studio Solution File, Format Version 12.00
# Visual Studio Version 17
VisualStudioVersion = 17.9.34310.174
MinimumVisualStudioVersion = 10.0.40219.1
Project("{FAE04EC0-301F-11D3-BF4B-00C04F79EFBC}") = "HotelReservationSystem", "HotelReservationSystem\HotelReservationSystem.csproj", "{2E5A12D4-0E44-4435-8911-3E85495C7C7B}"
EndProject
Global
	GlobalSection(SolutionConfigurationPlatforms) = preSolution
		Debug|Any CPU = Debug|Any CPU
		Release|Any CPU = Release|Any CPU
	EndGlobalSection
	GlobalSection(ProjectConfigurationPlatforms) = postSolution
		{2E5A12D4-0E44-4435-8911-3E85495C7C7B}.Debug|Any CPU.ActiveCfg = Debug|Any CPU
		{2E5A12D4-0E44-4435-8911-3E85495C7C7B}.Debug|Any CPU.Build.0 = Debug|Any CPU
		{2E5A12D4-0E44-4435-8911-3E85495C7C7B}.Release|Any CPU.ActiveCfg = Release|Any CPU
		{2E5A12D4-0E44-4435-8911-3E85495C7C7B}.Release|Any CPU.Build.0 = Release|Any CPU
	EndGlobalSection
	GlobalSection(SolutionProperties) = preSolution
		HideSolutionNode = FALSE
	EndGlobalSection
	GlobalSection(ExtensibilityGlobals) = postSolution
		SolutionGuid = {1F487EE3-96EA-460C-B435-71F7539432A9}
	EndGlobalSection
EndGlobal
